
Microsoft Visual Studio Solution File, Format Version 12.00
# Visual Studio 15
Project("{FAE04EC0-301F-11D3-BF4B-00C04F79EFBC}") = "Assembly-CSharp", "Assembly-CSharp.csproj", "{B0BDED35-88CA-1CAB-7699-1130359691F7}"
EndProject
Project("{FAE04EC0-301F-11D3-BF4B-00C04F79EFBC}") = "NavMeshComponentsTestsPlaymode", "NavMeshComponentsTestsPlaymode.csproj", "{5A8ACECC-6C0C-5C70-243B-0EBFF0E9F4D1}"
EndProject
Project("{FAE04EC0-301F-11D3-BF4B-00C04F79EFBC}") = "NavMeshComponentsExamples", "NavMeshComponentsExamples.csproj", "{8499D6CF-062B-AFCB-DD28-B37745B2FA82}"
EndProject
Project("{FAE04EC0-301F-11D3-BF4B-00C04F79EFBC}") = "NavMeshComponents", "NavMeshComponents.csproj", "{B11AC819-F7BB-D754-E69D-53411709244A}"
EndProject
Project("{FAE04EC0-301F-11D3-BF4B-00C04F79EFBC}") = "Assembly-CSharp-firstpass", "Assembly-CSharp-firstpass.csproj", "{02D116BA-C954-63B8-3A0D-652CEFD0E773}"
EndProject
Project("{FAE04EC0-301F-11D3-BF4B-00C04F79EFBC}") = "Assembly-CSharp-Editor", "Assembly-CSharp-Editor.csproj", "{9883751E-F783-294A-BC85-02FEA22353FC}"
EndProject
Project("{FAE04EC0-301F-11D3-BF4B-00C04F79EFBC}") = "Meryel.CodeAssist.Editor", "Meryel.CodeAssist.Editor.csproj", "{64AB52B5-7282-E108-9087-D5A352EB9E1A}"
EndProject
Project("{FAE04EC0-301F-11D3-BF4B-00C04F79EFBC}") = "NavMeshComponentsTestsEditmode", "NavMeshComponentsTestsEditmode.csproj", "{A872B78B-5EAB-9806-072B-9418EAED08BB}"
EndProject
Project("{FAE04EC0-301F-11D3-BF4B-00C04F79EFBC}") = "NavMeshComponentsEditor", "NavMeshComponentsEditor.csproj", "{13CBC9EB-F256-96DF-4C3F-80F5BCCFCF5F}"
EndProject
Project("{FAE04EC0-301F-11D3-BF4B-00C04F79EFBC}") = "NavMeshComponentsExamplesEditor", "NavMeshComponentsExamplesEditor.csproj", "{A5F8E180-735E-2D62-E08F-DFCAEFAFB269}"
EndProject
Global
	GlobalSection(SolutionConfigurationPlatforms) = preSolution
		Debug|Any CPU = Debug|Any CPU
		Release|Any CPU = Release|Any CPU
	EndGlobalSection
	GlobalSection(ProjectConfigurationPlatforms) = postSolution
		{B0BDED35-88CA-1CAB-7699-1130359691F7}.Debug|Any CPU.ActiveCfg = Debug|Any CPU
		{B0BDED35-88CA-1CAB-7699-1130359691F7}.Debug|Any CPU.Build.0 = Debug|Any CPU
		{B0BDED35-88CA-1CAB-7699-1130359691F7}.Release|Any CPU.ActiveCfg = Release|Any CPU
		{B0BDED35-88CA-1CAB-7699-1130359691F7}.Release|Any CPU.Build.0 = Release|Any CPU
		{5A8ACECC-6C0C-5C70-243B-0EBFF0E9F4D1}.Debug|Any CPU.ActiveCfg = Debug|Any CPU
		{5A8ACECC-6C0C-5C70-243B-0EBFF0E9F4D1}.Debug|Any CPU.Build.0 = Debug|Any CPU
		{5A8ACECC-6C0C-5C70-243B-0EBFF0E9F4D1}.Release|Any CPU.ActiveCfg = Release|Any CPU
		{5A8ACECC-6C0C-5C70-243B-0EBFF0E9F4D1}.Release|Any CPU.Build.0 = Release|Any CPU
		{8499D6CF-062B-AFCB-DD28-B37745B2FA82}.Debug|Any CPU.ActiveCfg = Debug|Any CPU
		{8499D6CF-062B-AFCB-DD28-B37745B2FA82}.Debug|Any CPU.Build.0 = Debug|Any CPU
		{8499D6CF-062B-AFCB-DD28-B37745B2FA82}.Release|Any CPU.ActiveCfg = Release|Any CPU
		{8499D6CF-062B-AFCB-DD28-B37745B2FA82}.Release|Any CPU.Build.0 = Release|Any CPU
		{B11AC819-F7BB-D754-E69D-53411709244A}.Debug|Any CPU.ActiveCfg = Debug|Any CPU
		{B11AC819-F7BB-D754-E69D-53411709244A}.Debug|Any CPU.Build.0 = Debug|Any CPU
		{B11AC819-F7BB-D754-E69D-53411709244A}.Release|Any CPU.ActiveCfg = Release|Any CPU
		{B11AC819-F7BB-D754-E69D-53411709244A}.Release|Any CPU.Build.0 = Release|Any CPU
		{02D116BA-C954-63B8-3A0D-652CEFD0E773}.Debug|Any CPU.ActiveCfg = Debug|Any CPU
		{02D116BA-C954-63B8-3A0D-652CEFD0E773}.Debug|Any CPU.Build.0 = Debug|Any CPU
		{02D116BA-C954-63B8-3A0D-652CEFD0E773}.Release|Any CPU.ActiveCfg = Release|Any CPU
		{02D116BA-C954-63B8-3A0D-652CEFD0E773}.Release|Any CPU.Build.0 = Release|Any CPU
		{9883751E-F783-294A-BC85-02FEA22353FC}.Debug|Any CPU.ActiveCfg = Debug|Any CPU
		{9883751E-F783-294A-BC85-02FEA22353FC}.Debug|Any CPU.Build.0 = Debug|Any CPU
		{9883751E-F783-294A-BC85-02FEA22353FC}.Release|Any CPU.ActiveCfg = Release|Any CPU
		{9883751E-F783-294A-BC85-02FEA22353FC}.Release|Any CPU.Build.0 = Release|Any CPU
		{64AB52B5-7282-E108-9087-D5A352EB9E1A}.Debug|Any CPU.ActiveCfg = Debug|Any CPU
		{64AB52B5-7282-E108-9087-D5A352EB9E1A}.Debug|Any CPU.Build.0 = Debug|Any CPU
		{64AB52B5-7282-E108-9087-D5A352EB9E1A}.Release|Any CPU.ActiveCfg = Release|Any CPU
		{64AB52B5-7282-E108-9087-D5A352EB9E1A}.Release|Any CPU.Build.0 = Release|Any CPU
		{A872B78B-5EAB-9806-072B-9418EAED08BB}.Debug|Any CPU.ActiveCfg = Debug|Any CPU
		{A872B78B-5EAB-9806-072B-9418EAED08BB}.Debug|Any CPU.Build.0 = Debug|Any CPU
		{A872B78B-5EAB-9806-072B-9418EAED08BB}.Release|Any CPU.ActiveCfg = Release|Any CPU
		{A872B78B-5EAB-9806-072B-9418EAED08BB}.Release|Any CPU.Build.0 = Release|Any CPU
		{13CBC9EB-F256-96DF-4C3F-80F5BCCFCF5F}.Debug|Any CPU.ActiveCfg = Debug|Any CPU
		{13CBC9EB-F256-96DF-4C3F-80F5BCCFCF5F}.Debug|Any CPU.Build.0 = Debug|Any CPU
		{13CBC9EB-F256-96DF-4C3F-80F5BCCFCF5F}.Release|Any CPU.ActiveCfg = Release|Any CPU
		{13CBC9EB-F256-96DF-4C3F-80F5BCCFCF5F}.Release|Any CPU.Build.0 = Release|Any CPU
		{A5F8E180-735E-2D62-E08F-DFCAEFAFB269}.Debug|Any CPU.ActiveCfg = Debug|Any CPU
		{A5F8E180-735E-2D62-E08F-DFCAEFAFB269}.Debug|Any CPU.Build.0 = Debug|Any CPU
		{A5F8E180-735E-2D62-E08F-DFCAEFAFB269}.Release|Any CPU.ActiveCfg = Release|Any CPU
		{A5F8E180-735E-2D62-E08F-DFCAEFAFB269}.Release|Any CPU.Build.0 = Release|Any CPU
	EndGlobalSection
	GlobalSection(SolutionProperties) = preSolution
		HideSolutionNode = FALSE
	EndGlobalSection
EndGlobal
