
Microsoft Visual Studio Solution File, Format Version 12.00
# Visual Studio 15
Project("{FAE04EC0-301F-11D3-BF4B-00C04F79EFBC}") = "Assembly-CSharp", "Assembly-CSharp.csproj", "{B0BDED35-88CA-1CAB-7699-1130359691F7}"
EndProject
Project("{FAE04EC0-301F-11D3-BF4B-00C04F79EFBC}") = "Assembly-CSharp-Editor", "Assembly-CSharp-Editor.csproj", "{9883751E-F783-294A-BC85-02FEA22353FC}"
EndProject
Project("{FAE04EC0-301F-11D3-BF4B-00C04F79EFBC}") = "Meryel.CodeAssist.Editor", "Meryel.CodeAssist.Editor.csproj", "{64AB52B5-7282-E108-9087-D5A352EB9E1A}"
EndProject
Global
	GlobalSection(SolutionConfigurationPlatforms) = preSolution
		Debug|Any CPU = Debug|Any CPU
		Release|Any CPU = Release|Any CPU
	EndGlobalSection
	GlobalSection(ProjectConfigurationPlatforms) = postSolution
		{B0BDED35-88CA-1CAB-7699-1130359691F7}.Debug|Any CPU.ActiveCfg = Debug|Any CPU
		{B0BDED35-88CA-1CAB-7699-1130359691F7}.Debug|Any CPU.Build.0 = Debug|Any CPU
		{B0BDED35-88CA-1CAB-7699-1130359691F7}.Release|Any CPU.ActiveCfg = Release|Any CPU
		{B0BDED35-88CA-1CAB-7699-1130359691F7}.Release|Any CPU.Build.0 = Release|Any CPU
		{9883751E-F783-294A-BC85-02FEA22353FC}.Debug|Any CPU.ActiveCfg = Debug|Any CPU
		{9883751E-F783-294A-BC85-02FEA22353FC}.Debug|Any CPU.Build.0 = Debug|Any CPU
		{9883751E-F783-294A-BC85-02FEA22353FC}.Release|Any CPU.ActiveCfg = Release|Any CPU
		{9883751E-F783-294A-BC85-02FEA22353FC}.Release|Any CPU.Build.0 = Release|Any CPU
		{64AB52B5-7282-E108-9087-D5A352EB9E1A}.Debug|Any CPU.ActiveCfg = Debug|Any CPU
		{64AB52B5-7282-E108-9087-D5A352EB9E1A}.Debug|Any CPU.Build.0 = Debug|Any CPU
		{64AB52B5-7282-E108-9087-D5A352EB9E1A}.Release|Any CPU.ActiveCfg = Release|Any CPU
		{64AB52B5-7282-E108-9087-D5A352EB9E1A}.Release|Any CPU.Build.0 = Release|Any CPU
	EndGlobalSection
	GlobalSection(SolutionProperties) = preSolution
		HideSolutionNode = FALSE
	EndGlobalSection
EndGlobal
